
Microsoft Visual Studio Solution File, Format Version 12.00
# Visual Studio 15
Project("{FAE04EC0-301F-11D3-BF4B-00C04F79EFBC}") = "Assembly-CSharp", "Assembly-CSharp.csproj", "{143BBF09-FB94-BBD8-1D0E-F42558576400}"
EndProject
Project("{FAE04EC0-301F-11D3-BF4B-00C04F79EFBC}") = "Assembly-CSharp-Editor", "Assembly-CSharp-Editor.csproj", "{7FE9C7F4-4AAC-D686-08D3-70E1ABAE5555}"
EndProject
Global
	GlobalSection(SolutionConfigurationPlatforms) = preSolution
		Debug|Any CPU = Debug|Any CPU
		Release|Any CPU = Release|Any CPU
	EndGlobalSection
	GlobalSection(ProjectConfigurationPlatforms) = postSolution
		{143BBF09-FB94-BBD8-1D0E-F42558576400}.Debug|Any CPU.ActiveCfg = Debug|Any CPU
		{143BBF09-FB94-BBD8-1D0E-F42558576400}.Debug|Any CPU.Build.0 = Debug|Any CPU
		{143BBF09-FB94-BBD8-1D0E-F42558576400}.Release|Any CPU.ActiveCfg = Release|Any CPU
		{143BBF09-FB94-BBD8-1D0E-F42558576400}.Release|Any CPU.Build.0 = Release|Any CPU
		{7FE9C7F4-4AAC-D686-08D3-70E1ABAE5555}.Debug|Any CPU.ActiveCfg = Debug|Any CPU
		{7FE9C7F4-4AAC-D686-08D3-70E1ABAE5555}.Debug|Any CPU.Build.0 = Debug|Any CPU
		{7FE9C7F4-4AAC-D686-08D3-70E1ABAE5555}.Release|Any CPU.ActiveCfg = Release|Any CPU
		{7FE9C7F4-4AAC-D686-08D3-70E1ABAE5555}.Release|Any CPU.Build.0 = Release|Any CPU
	EndGlobalSection
	GlobalSection(SolutionProperties) = preSolution
		HideSolutionNode = FALSE
	EndGlobalSection
EndGlobal
